
Microsoft Visual Studio Solution File, Format Version 12.00
# Visual Studio Version 16
VisualStudioVersion = 16.0.31410.357
MinimumVisualStudioVersion = 10.0.40219.1
Project("{FAE04EC0-301F-11D3-BF4B-00C04F79EFBC}") = "ClockControl", "ClockControl.csproj", "{860392FE-C155-4ADA-BF69-448812EACBA7}"
EndProject
Global
	GlobalSection(SolutionConfigurationPlatforms) = preSolution
		Debug|Any CPU = Debug|Any CPU
		Release|Any CPU = Release|Any CPU
	EndGlobalSection
	GlobalSection(ProjectConfigurationPlatforms) = postSolution
		{860392FE-C155-4ADA-BF69-448812EACBA7}.Debug|Any CPU.ActiveCfg = Debug|Any CPU
		{860392FE-C155-4ADA-BF69-448812EACBA7}.Debug|Any CPU.Build.0 = Debug|Any CPU
		{860392FE-C155-4ADA-BF69-448812EACBA7}.Release|Any CPU.ActiveCfg = Release|Any CPU
		{860392FE-C155-4ADA-BF69-448812EACBA7}.Release|Any CPU.Build.0 = Release|Any CPU
	EndGlobalSection
	GlobalSection(SolutionProperties) = preSolution
		HideSolutionNode = FALSE
	EndGlobalSection
	GlobalSection(ExtensibilityGlobals) = postSolution
		SolutionGuid = {06DDF6E6-7E8E-46FE-8FF3-F582517B03CE}
	EndGlobalSection
EndGlobal
